{
    "_readme": [
        "This file locks the dependencies of your project to a known state",
        "Read more about it at https://getcomposer.org/doc/01-basic-usage.md#composer-lock-the-lock-file",
        "This file is @generated automatically"
    ],
    "content-hash": "53a980a70bdd762799e988900fabf083",
    "packages": [
        {
            "name": "kael-shipman/php-executables",
            "version": "v0.5.0",
            "source": {
                "type": "git",
                "url": "https://github.com/kael-shipman/php-executables.git",
                "reference": "b1974ea1b48ab4f878e6f8790a697e5bc6153796"
            },
            "dist": {
                "type": "zip",
                "url": "https://api.github.com/repos/kael-shipman/php-executables/zipball/b1974ea1b48ab4f878e6f8790a697e5bc6153796",
                "reference": "b1974ea1b48ab4f878e6f8790a697e5bc6153796",
                "shasum": ""
            },
            "require": {
                "ext-sockets": "*",
                "kael-shipman/php-std-traits": "^6.0.0"
            },
            "require-dev": {
                "phpunit/phpunit": "^6.0.0"
            },
            "type": "library",
            "autoload": {
                "psr-4": {
                    "KS\\": "src/"
                }
            },
            "notification-url": "https://packagist.org/downloads/",
            "license": [
                "MIT"
            ],
            "description": "A set of small, abstract executable classes and peripherals",
            "time": "2018-03-01T05:10:39+00:00"
        },
        {
            "name": "kael-shipman/php-std-traits",
            "version": "v6.0.0",
            "source": {
                "type": "git",
                "url": "https://github.com/kael-shipman/php-std-traits.git",
                "reference": "94d203cb569f10b8da45b7defa13e53fe00f5394"
            },
            "dist": {
                "type": "zip",
                "url": "https://api.github.com/repos/kael-shipman/php-std-traits/zipball/94d203cb569f10b8da45b7defa13e53fe00f5394",
                "reference": "94d203cb569f10b8da45b7defa13e53fe00f5394",
                "shasum": ""
            },
            "require": {
                "php": ">=5.5"
            },
            "require-dev": {
                "phpunit/phpunit": ">=4.8"
            },
            "type": "library",
            "autoload": {
                "psr-4": {
                    "KS\\": "src/"
                },
                "files": [
                    "src/Exceptions.php"
                ]
            },
            "notification-url": "https://packagist.org/downloads/",
            "license": [
                "MIT"
            ],
            "authors": [
                {
                    "name": "Kael Shipman",
                    "email": "kael.shipman@gmail.com",
                    "homepage": "https://colors.kaelshipman.me",
                    "role": "Developer"
                }
            ],
            "description": "An assortment of traits, exceptions and minor classes that help to implement standard PHP interfaces like ArrayAccess, Iterator, etc., as well as a few other useful features.",
            "keywords": [
                "traits"
            ],
            "time": "2018-03-01T05:06:32+00:00"
        },
        {
            "name": "kevinlebrun/colors.php",
            "version": "0.4.1",
            "source": {
                "type": "git",
                "url": "https://github.com/kevinlebrun/colors.php.git",
                "reference": "d132f36d06e48ea080855af19b4bcb1fb615224a"
            },
            "dist": {
                "type": "zip",
                "url": "https://api.github.com/repos/kevinlebrun/colors.php/zipball/d132f36d06e48ea080855af19b4bcb1fb615224a",
                "reference": "d132f36d06e48ea080855af19b4bcb1fb615224a",
                "shasum": ""
            },
            "require": {
                "php": ">=5.3.0"
            },
            "require-dev": {
                "phpunit/phpunit": "3.7.*",
                "satooshi/php-coveralls": "dev-master",
                "squizlabs/php_codesniffer": "1.*"
            },
            "type": "library",
            "autoload": {
                "psr-0": {
                    "Colors": "src/"
                }
            },
            "notification-url": "https://packagist.org/downloads/",
            "license": [
                "MIT"
            ],
            "authors": [
                {
                    "name": "Kevin Le Brun",
                    "email": "lebrun.k@gmail.com",
                    "homepage": "http://kevinlebrun.fr",
                    "role": "developer"
                }
            ],
            "description": "Colors for PHP CLI scripts",
            "homepage": "https://github.com/kevinlebrun/colors.php",
            "keywords": [
                "cli",
                "color",
                "colors",
                "console",
                "shell"
            ],
            "time": "2014-12-23T01:23:37+00:00"
        },
        {
            "name": "laktak/hjson",
            "version": "v2.0.2",
            "source": {
                "type": "git",
                "url": "https://github.com/hjson/hjson-php.git",
                "reference": "8cb5b59cc2b15977478d3dd1310e9ed8cb5b5c1f"
            },
            "dist": {
                "type": "zip",
                "url": "https://api.github.com/repos/hjson/hjson-php/zipball/8cb5b59cc2b15977478d3dd1310e9ed8cb5b5c1f",
                "reference": "8cb5b59cc2b15977478d3dd1310e9ed8cb5b5c1f",
                "shasum": ""
            },
            "require": {
                "php": ">=5.6"
            },
            "require-dev": {
                "phpunit/phpunit": "~4.0"
            },
            "type": "library",
            "autoload": {
                "psr-4": {
                    "HJSON\\": "src/HJSON"
                }
            },
            "notification-url": "https://packagist.org/downloads/",
            "license": [
                "MIT"
            ],
            "authors": [
                {
                    "name": "Issam Zoli",
                    "email": "jawbfl@gmail.com",
                    "role": "Developer"
                }
            ],
            "description": "JSON for Humans. A configuration file format with relaxed syntax, fewer mistakes and more comments.",
            "homepage": "https://github.com/hjson/hjson-php",
            "keywords": [
                "comments",
                "config",
                "hjson",
                "human",
                "json",
                "parser",
                "serializer"
            ],
            "time": "2018-01-24T22:28:17+00:00"
        },
        {
            "name": "nategood/commando",
            "version": "0.2.9",
            "source": {
                "type": "git",
                "url": "https://github.com/nategood/commando.git",
                "reference": "ba476a3928dcecfb257f9daf7d965a3abe53b6bd"
            },
            "dist": {
                "type": "zip",
                "url": "https://api.github.com/repos/nategood/commando/zipball/ba476a3928dcecfb257f9daf7d965a3abe53b6bd",
                "reference": "ba476a3928dcecfb257f9daf7d965a3abe53b6bd",
                "shasum": ""
            },
            "require": {
                "kevinlebrun/colors.php": "~0.2",
                "php": ">=5.3"
            },
            "type": "library",
            "autoload": {
                "psr-0": {
                    "Commando": "src/"
                }
            },
            "notification-url": "https://packagist.org/downloads/",
            "license": [
                "MIT"
            ],
            "authors": [
                {
                    "name": "Nate Good",
                    "email": "me@nategood.com"
                }
            ],
            "description": "PHP CLI Commando Style",
            "homepage": "http://github.com/nategood/commando",
            "keywords": [
                "automation",
                "cli",
                "command",
                "command line",
                "command line interface",
                "scripting"
            ],
            "time": "2016-11-09T16:22:34+00:00"
        }
    ],
    "packages-dev": [],
    "aliases": [],
    "minimum-stability": "stable",
    "stability-flags": [],
    "prefer-stable": false,
    "prefer-lowest": false,
    "platform": [],
    "platform-dev": []
}
